// !$*UTF8*$!
{
	archiveVersion = 1;
	classes = {
	};
	objectVersion = 46;
	objects = {

/* Begin PBXBuildFile section */
		EC0597261AB9B7B4007AC46A /* FourSquareRequest.swift in Sources */ = {isa = PBXBuildFile; fileRef = EC0597251AB9B7B4007AC46A /* FourSquareRequest.swift */; };
		EC0597281AB9BA2A007AC46A /* VenuesTVC.swift in Sources */ = {isa = PBXBuildFile; fileRef = EC0597271AB9BA2A007AC46A /* VenuesTVC.swift */; };
		EC05972A1AB9CA0C007AC46A /* VenueVC.swift in Sources */ = {isa = PBXBuildFile; fileRef = EC0597291AB9CA0C007AC46A /* VenueVC.swift */; };
		EC13A7C31AA4D39E00B9AD6F /* Images.xcassets in Resources */ = {isa = PBXBuildFile; fileRef = EC13A7C21AA4D39E00B9AD6F /* Images.xcassets */; };
		EC13A7D21AA4D39E00B9AD6F /* Map_My_DayTests.swift in Sources */ = {isa = PBXBuildFile; fileRef = EC13A7D11AA4D39E00B9AD6F /* Map_My_DayTests.swift */; };
		EC5514311AB9FCA5001A538F /* SaveImageVC.swift in Sources */ = {isa = PBXBuildFile; fileRef = EC5514301AB9FCA5001A538F /* SaveImageVC.swift */; };
		EC5514331ABA0921001A538F /* MapDay.swift in Sources */ = {isa = PBXBuildFile; fileRef = EC5514321ABA0921001A538F /* MapDay.swift */; };
		EC87B3B71AB3474B00FBE811 /* Day.swift in Sources */ = {isa = PBXBuildFile; fileRef = ECF647C01AA68E13000E9CCF /* Day.swift */; };
		EC87B3B81AB3474B00FBE811 /* Math.swift in Sources */ = {isa = PBXBuildFile; fileRef = EC13A7DD1AA4DD1000B9AD6F /* Math.swift */; };
		EC87B3B91AB3474B00FBE811 /* TrackingVC.swift in Sources */ = {isa = PBXBuildFile; fileRef = EC13A7DB1AA4D40D00B9AD6F /* TrackingVC.swift */; };
		EC87B3BA1AB3474B00FBE811 /* LoginVC.swift in Sources */ = {isa = PBXBuildFile; fileRef = EC9770191AB1C798001920AA /* LoginVC.swift */; };
		EC87B3BB1AB3474B00FBE811 /* PhotoVC.swift in Sources */ = {isa = PBXBuildFile; fileRef = ECE987921AB339DF00EF4995 /* PhotoVC.swift */; };
		EC87B3BC1AB3474B00FBE811 /* AppDelegate.swift in Sources */ = {isa = PBXBuildFile; fileRef = EC13A7BB1AA4D39E00B9AD6F /* AppDelegate.swift */; };
		EC87B3BD1AB34C8000FBE811 /* Main.storyboard in Resources */ = {isa = PBXBuildFile; fileRef = EC13A7BF1AA4D39E00B9AD6F /* Main.storyboard */; };
		EC87B3BE1AB34C8000FBE811 /* Login.storyboard in Resources */ = {isa = PBXBuildFile; fileRef = EC46EC0E1AB3441F000291A7 /* Login.storyboard */; };
		EC87B3BF1AB34C8000FBE811 /* Media.storyboard in Resources */ = {isa = PBXBuildFile; fileRef = EC383ECA1AB343D800396DA6 /* Media.storyboard */; };
		EC87B3C01AB34C8000FBE811 /* LaunchScreen.xib in Resources */ = {isa = PBXBuildFile; fileRef = EC13A7C41AA4D39E00B9AD6F /* LaunchScreen.xib */; };
		EC87B3C11AB34C9500FBE811 /* MapMyDay-Bridging-Header.h in Sources */ = {isa = PBXBuildFile; fileRef = EC97702E1AB1C92E001920AA /* MapMyDay-Bridging-Header.h */; };
		EC8857301AB89FF600D36A3A /* ExportCVC.swift in Sources */ = {isa = PBXBuildFile; fileRef = EC88572F1AB89FF600D36A3A /* ExportCVC.swift */; };
		EC97701D1AB1C820001920AA /* Bolts.framework in Frameworks */ = {isa = PBXBuildFile; fileRef = EC97701B1AB1C820001920AA /* Bolts.framework */; };
		EC97701E1AB1C820001920AA /* Parse.framework in Frameworks */ = {isa = PBXBuildFile; fileRef = EC97701C1AB1C820001920AA /* Parse.framework */; };
		EC9770261AB1C89F001920AA /* AudioToolbox.framework in Frameworks */ = {isa = PBXBuildFile; fileRef = EC97701F1AB1C89F001920AA /* AudioToolbox.framework */; };
		EC9770271AB1C89F001920AA /* CFNetwork.framework in Frameworks */ = {isa = PBXBuildFile; fileRef = EC9770201AB1C89F001920AA /* CFNetwork.framework */; };
		EC9770281AB1C8A0001920AA /* libsqlite3.dylib in Frameworks */ = {isa = PBXBuildFile; fileRef = EC9770211AB1C89F001920AA /* libsqlite3.dylib */; };
		EC9770291AB1C8A0001920AA /* libz.dylib in Frameworks */ = {isa = PBXBuildFile; fileRef = EC9770221AB1C89F001920AA /* libz.dylib */; };
		EC97702A1AB1C8A0001920AA /* MobileCoreServices.framework in Frameworks */ = {isa = PBXBuildFile; fileRef = EC9770231AB1C89F001920AA /* MobileCoreServices.framework */; };
		EC97702B1AB1C8A0001920AA /* StoreKit.framework in Frameworks */ = {isa = PBXBuildFile; fileRef = EC9770241AB1C89F001920AA /* StoreKit.framework */; };
		EC97702C1AB1C8A0001920AA /* SystemConfiguration.framework in Frameworks */ = {isa = PBXBuildFile; fileRef = EC9770251AB1C89F001920AA /* SystemConfiguration.framework */; };
		ECCAECB41AB617F5002DF918 /* AddStatVC.swift in Sources */ = {isa = PBXBuildFile; fileRef = ECCAECB31AB617F5002DF918 /* AddStatVC.swift */; };
		ECE0E9F81AB5BC1C004CD571 /* TextVC.swift in Sources */ = {isa = PBXBuildFile; fileRef = ECE0E9F71AB5BC1C004CD571 /* TextVC.swift */; };
		ECE0E9FB1AB5D8DD004CD571 /* DaysData.swift in Sources */ = {isa = PBXBuildFile; fileRef = ECE0E9FA1AB5D8DD004CD571 /* DaysData.swift */; };
		ECE0EA001AB5DA4A004CD571 /* ExploreTVC.swift in Sources */ = {isa = PBXBuildFile; fileRef = ECE0E9FF1AB5DA4A004CD571 /* ExploreTVC.swift */; };
		ECE0EA021AB5DA8B004CD571 /* MyDaysTVC.swift in Sources */ = {isa = PBXBuildFile; fileRef = ECE0EA011AB5DA8B004CD571 /* MyDaysTVC.swift */; };
		ECE0EA041AB5DCE3004CD571 /* ViewDayVC.swift in Sources */ = {isa = PBXBuildFile; fileRef = ECE0EA031AB5DCE3004CD571 /* ViewDayVC.swift */; };
		ECE0EA061AB5DE9C004CD571 /* DayCell.swift in Sources */ = {isa = PBXBuildFile; fileRef = ECE0EA051AB5DE9C004CD571 /* DayCell.swift */; };
		ECE47B1B1AC465D7000FF7C5 /* CustomTableView.swift in Sources */ = {isa = PBXBuildFile; fileRef = ECE47B1A1AC465D7000FF7C5 /* CustomTableView.swift */; };
		ECF0708C1AB65BC900AFC8B8 /* CustomPolyline.swift in Sources */ = {isa = PBXBuildFile; fileRef = ECF0708B1AB65BC900AFC8B8 /* CustomPolyline.swift */; };
		ECF647C21AA692F3000E9CCF /* fontawesome-webfont.ttf in Resources */ = {isa = PBXBuildFile; fileRef = EC13A7DF1AA4EE7000B9AD6F /* fontawesome-webfont.ttf */; };
/* End PBXBuildFile section */

/* Begin PBXContainerItemProxy section */
		EC13A7CC1AA4D39E00B9AD6F /* PBXContainerItemProxy */ = {
			isa = PBXContainerItemProxy;
			containerPortal = EC13A7AE1AA4D39E00B9AD6F /* Project object */;
			proxyType = 1;
			remoteGlobalIDString = EC13A7B51AA4D39E00B9AD6F;
			remoteInfo = MapMyDay;
		};
/* End PBXContainerItemProxy section */

/* Begin PBXFileReference section */
		EC0597251AB9B7B4007AC46A /* FourSquareRequest.swift */ = {isa = PBXFileReference; fileEncoding = 4; lastKnownFileType = sourcecode.swift; path = FourSquareRequest.swift; sourceTree = "<group>"; };
		EC0597271AB9BA2A007AC46A /* VenuesTVC.swift */ = {isa = PBXFileReference; fileEncoding = 4; lastKnownFileType = sourcecode.swift; path = VenuesTVC.swift; sourceTree = "<group>"; };
		EC0597291AB9CA0C007AC46A /* VenueVC.swift */ = {isa = PBXFileReference; fileEncoding = 4; lastKnownFileType = sourcecode.swift; path = VenueVC.swift; sourceTree = "<group>"; };
		EC13A7B61AA4D39E00B9AD6F /* MapMyDay.app */ = {isa = PBXFileReference; explicitFileType = wrapper.application; includeInIndex = 0; path = MapMyDay.app; sourceTree = BUILT_PRODUCTS_DIR; };
		EC13A7BA1AA4D39E00B9AD6F /* Info.plist */ = {isa = PBXFileReference; lastKnownFileType = text.plist.xml; path = Info.plist; sourceTree = "<group>"; };
		EC13A7BB1AA4D39E00B9AD6F /* AppDelegate.swift */ = {isa = PBXFileReference; lastKnownFileType = sourcecode.swift; path = AppDelegate.swift; sourceTree = "<group>"; };
		EC13A7C01AA4D39E00B9AD6F /* Base */ = {isa = PBXFileReference; lastKnownFileType = file.storyboard; name = Base; path = Base.lproj/Main.storyboard; sourceTree = "<group>"; };
		EC13A7C21AA4D39E00B9AD6F /* Images.xcassets */ = {isa = PBXFileReference; lastKnownFileType = folder.assetcatalog; path = Images.xcassets; sourceTree = "<group>"; };
		EC13A7C51AA4D39E00B9AD6F /* Base */ = {isa = PBXFileReference; lastKnownFileType = file.xib; name = Base; path = Base.lproj/LaunchScreen.xib; sourceTree = "<group>"; };
		EC13A7CB1AA4D39E00B9AD6F /* MapMyDayTests.xctest */ = {isa = PBXFileReference; explicitFileType = wrapper.cfbundle; includeInIndex = 0; path = MapMyDayTests.xctest; sourceTree = BUILT_PRODUCTS_DIR; };
		EC13A7D01AA4D39E00B9AD6F /* Info.plist */ = {isa = PBXFileReference; lastKnownFileType = text.plist.xml; path = Info.plist; sourceTree = "<group>"; };
		EC13A7D11AA4D39E00B9AD6F /* Map_My_DayTests.swift */ = {isa = PBXFileReference; lastKnownFileType = sourcecode.swift; path = Map_My_DayTests.swift; sourceTree = "<group>"; };
		EC13A7DB1AA4D40D00B9AD6F /* TrackingVC.swift */ = {isa = PBXFileReference; fileEncoding = 4; lastKnownFileType = sourcecode.swift; path = TrackingVC.swift; sourceTree = "<group>"; };
		EC13A7DD1AA4DD1000B9AD6F /* Math.swift */ = {isa = PBXFileReference; fileEncoding = 4; lastKnownFileType = sourcecode.swift; path = Math.swift; sourceTree = "<group>"; };
		EC13A7DF1AA4EE7000B9AD6F /* fontawesome-webfont.ttf */ = {isa = PBXFileReference; lastKnownFileType = file; path = "fontawesome-webfont.ttf"; sourceTree = "<group>"; };
		EC383EC91AB343D800396DA6 /* Base */ = {isa = PBXFileReference; lastKnownFileType = file.storyboard; name = Base; path = Base.lproj/Media.storyboard; sourceTree = "<group>"; };
		EC46EC0D1AB3441F000291A7 /* Base */ = {isa = PBXFileReference; lastKnownFileType = file.storyboard; name = Base; path = Base.lproj/Login.storyboard; sourceTree = "<group>"; };
		EC5514301AB9FCA5001A538F /* SaveImageVC.swift */ = {isa = PBXFileReference; fileEncoding = 4; lastKnownFileType = sourcecode.swift; path = SaveImageVC.swift; sourceTree = "<group>"; };
		EC5514321ABA0921001A538F /* MapDay.swift */ = {isa = PBXFileReference; fileEncoding = 4; lastKnownFileType = sourcecode.swift; path = MapDay.swift; sourceTree = "<group>"; };
		EC88572F1AB89FF600D36A3A /* ExportCVC.swift */ = {isa = PBXFileReference; fileEncoding = 4; lastKnownFileType = sourcecode.swift; path = ExportCVC.swift; sourceTree = "<group>"; };
		EC9770191AB1C798001920AA /* LoginVC.swift */ = {isa = PBXFileReference; fileEncoding = 4; lastKnownFileType = sourcecode.swift; path = LoginVC.swift; sourceTree = "<group>"; };
		EC97701B1AB1C820001920AA /* Bolts.framework */ = {isa = PBXFileReference; lastKnownFileType = wrapper.framework; path = Bolts.framework; sourceTree = "<group>"; };
		EC97701C1AB1C820001920AA /* Parse.framework */ = {isa = PBXFileReference; lastKnownFileType = wrapper.framework; path = Parse.framework; sourceTree = "<group>"; };
		EC97701F1AB1C89F001920AA /* AudioToolbox.framework */ = {isa = PBXFileReference; lastKnownFileType = wrapper.framework; name = AudioToolbox.framework; path = System/Library/Frameworks/AudioToolbox.framework; sourceTree = SDKROOT; };
		EC9770201AB1C89F001920AA /* CFNetwork.framework */ = {isa = PBXFileReference; lastKnownFileType = wrapper.framework; name = CFNetwork.framework; path = System/Library/Frameworks/CFNetwork.framework; sourceTree = SDKROOT; };
		EC9770211AB1C89F001920AA /* libsqlite3.dylib */ = {isa = PBXFileReference; lastKnownFileType = "compiled.mach-o.dylib"; name = libsqlite3.dylib; path = usr/lib/libsqlite3.dylib; sourceTree = SDKROOT; };
		EC9770221AB1C89F001920AA /* libz.dylib */ = {isa = PBXFileReference; lastKnownFileType = "compiled.mach-o.dylib"; name = libz.dylib; path = usr/lib/libz.dylib; sourceTree = SDKROOT; };
		EC9770231AB1C89F001920AA /* MobileCoreServices.framework */ = {isa = PBXFileReference; lastKnownFileType = wrapper.framework; name = MobileCoreServices.framework; path = System/Library/Frameworks/MobileCoreServices.framework; sourceTree = SDKROOT; };
		EC9770241AB1C89F001920AA /* StoreKit.framework */ = {isa = PBXFileReference; lastKnownFileType = wrapper.framework; name = StoreKit.framework; path = System/Library/Frameworks/StoreKit.framework; sourceTree = SDKROOT; };
		EC9770251AB1C89F001920AA /* SystemConfiguration.framework */ = {isa = PBXFileReference; lastKnownFileType = wrapper.framework; name = SystemConfiguration.framework; path = System/Library/Frameworks/SystemConfiguration.framework; sourceTree = SDKROOT; };
		EC97702E1AB1C92E001920AA /* MapMyDay-Bridging-Header.h */ = {isa = PBXFileReference; lastKnownFileType = sourcecode.c.h; path = "MapMyDay-Bridging-Header.h"; sourceTree = "<group>"; };
		ECCAECB31AB617F5002DF918 /* AddStatVC.swift */ = {isa = PBXFileReference; fileEncoding = 4; lastKnownFileType = sourcecode.swift; path = AddStatVC.swift; sourceTree = "<group>"; };
		ECE0E9F71AB5BC1C004CD571 /* TextVC.swift */ = {isa = PBXFileReference; fileEncoding = 4; lastKnownFileType = sourcecode.swift; path = TextVC.swift; sourceTree = "<group>"; };
		ECE0E9FA1AB5D8DD004CD571 /* DaysData.swift */ = {isa = PBXFileReference; fileEncoding = 4; lastKnownFileType = sourcecode.swift; path = DaysData.swift; sourceTree = "<group>"; };
		ECE0E9FF1AB5DA4A004CD571 /* ExploreTVC.swift */ = {isa = PBXFileReference; fileEncoding = 4; lastKnownFileType = sourcecode.swift; path = ExploreTVC.swift; sourceTree = "<group>"; };
		ECE0EA011AB5DA8B004CD571 /* MyDaysTVC.swift */ = {isa = PBXFileReference; fileEncoding = 4; lastKnownFileType = sourcecode.swift; path = MyDaysTVC.swift; sourceTree = "<group>"; };
		ECE0EA031AB5DCE3004CD571 /* ViewDayVC.swift */ = {isa = PBXFileReference; fileEncoding = 4; lastKnownFileType = sourcecode.swift; path = ViewDayVC.swift; sourceTree = "<group>"; };
		ECE0EA051AB5DE9C004CD571 /* DayCell.swift */ = {isa = PBXFileReference; fileEncoding = 4; lastKnownFileType = sourcecode.swift; path = DayCell.swift; sourceTree = "<group>"; };
		ECE47B1A1AC465D7000FF7C5 /* CustomTableView.swift */ = {isa = PBXFileReference; fileEncoding = 4; lastKnownFileType = sourcecode.swift; path = CustomTableView.swift; sourceTree = "<group>"; };
		ECE987921AB339DF00EF4995 /* PhotoVC.swift */ = {isa = PBXFileReference; fileEncoding = 4; lastKnownFileType = sourcecode.swift; path = PhotoVC.swift; sourceTree = "<group>"; };
		ECF0708B1AB65BC900AFC8B8 /* CustomPolyline.swift */ = {isa = PBXFileReference; fileEncoding = 4; lastKnownFileType = sourcecode.swift; path = CustomPolyline.swift; sourceTree = "<group>"; };
		ECF647C01AA68E13000E9CCF /* Day.swift */ = {isa = PBXFileReference; fileEncoding = 4; lastKnownFileType = sourcecode.swift; path = Day.swift; sourceTree = "<group>"; };
/* End PBXFileReference section */

/* Begin PBXFrameworksBuildPhase section */
		EC13A7B31AA4D39E00B9AD6F /* Frameworks */ = {
			isa = PBXFrameworksBuildPhase;
			buildActionMask = 2147483647;
			files = (
				EC9770261AB1C89F001920AA /* AudioToolbox.framework in Frameworks */,
				EC9770271AB1C89F001920AA /* CFNetwork.framework in Frameworks */,
				EC9770281AB1C8A0001920AA /* libsqlite3.dylib in Frameworks */,
				EC9770291AB1C8A0001920AA /* libz.dylib in Frameworks */,
				EC97702A1AB1C8A0001920AA /* MobileCoreServices.framework in Frameworks */,
				EC97702B1AB1C8A0001920AA /* StoreKit.framework in Frameworks */,
				EC97702C1AB1C8A0001920AA /* SystemConfiguration.framework in Frameworks */,
				EC97701E1AB1C820001920AA /* Parse.framework in Frameworks */,
				EC97701D1AB1C820001920AA /* Bolts.framework in Frameworks */,
			);
			runOnlyForDeploymentPostprocessing = 0;
		};
		EC13A7C81AA4D39E00B9AD6F /* Frameworks */ = {
			isa = PBXFrameworksBuildPhase;
			buildActionMask = 2147483647;
			files = (
			);
			runOnlyForDeploymentPostprocessing = 0;
		};
/* End PBXFrameworksBuildPhase section */

/* Begin PBXGroup section */
		EC13A7AD1AA4D39E00B9AD6F = {
			isa = PBXGroup;
			children = (
				EC13A7B81AA4D39E00B9AD6F /* MapMyDay */,
				EC13A7CE1AA4D39E00B9AD6F /* MapMyDayTests */,
				EC13A7B71AA4D39E00B9AD6F /* Products */,
				EC97702D1AB1C8B5001920AA /* Framework */,
			);
			sourceTree = "<group>";
		};
		EC13A7B71AA4D39E00B9AD6F /* Products */ = {
			isa = PBXGroup;
			children = (
				EC13A7B61AA4D39E00B9AD6F /* MapMyDay.app */,
				EC13A7CB1AA4D39E00B9AD6F /* MapMyDayTests.xctest */,
			);
			name = Products;
			sourceTree = "<group>";
		};
		EC13A7B81AA4D39E00B9AD6F /* MapMyDay */ = {
			isa = PBXGroup;
			children = (
				ECF0708A1AB65BA900AFC8B8 /* Aesthetics */,
				ECE987911AB3397F00EF4995 /* Models */,
				EC13A7DB1AA4D40D00B9AD6F /* TrackingVC.swift */,
				ECE0EA031AB5DCE3004CD571 /* ViewDayVC.swift */,
				ECCAECB31AB617F5002DF918 /* AddStatVC.swift */,
				ECE0EA051AB5DE9C004CD571 /* DayCell.swift */,
				ECE0EA011AB5DA8B004CD571 /* MyDaysTVC.swift */,
				ECE0E9FF1AB5DA4A004CD571 /* ExploreTVC.swift */,
				EC5514301AB9FCA5001A538F /* SaveImageVC.swift */,
				EC88572F1AB89FF600D36A3A /* ExportCVC.swift */,
				EC13A7BF1AA4D39E00B9AD6F /* Main.storyboard */,
				ECE0E9FC1AB5DA14004CD571 /* Login */,
				ECE0E9F91AB5BC2D004CD571 /* Media */,
				EC13A7B91AA4D39E00B9AD6F /* Supporting Files */,
				EC97702E1AB1C92E001920AA /* MapMyDay-Bridging-Header.h */,
			);
			path = MapMyDay;
			sourceTree = "<group>";
		};
		EC13A7B91AA4D39E00B9AD6F /* Supporting Files */ = {
			isa = PBXGroup;
			children = (
				EC13A7BB1AA4D39E00B9AD6F /* AppDelegate.swift */,
				EC13A7C21AA4D39E00B9AD6F /* Images.xcassets */,
				EC13A7C41AA4D39E00B9AD6F /* LaunchScreen.xib */,
				EC13A7BA1AA4D39E00B9AD6F /* Info.plist */,
				EC13A7DF1AA4EE7000B9AD6F /* fontawesome-webfont.ttf */,
			);
			name = "Supporting Files";
			sourceTree = "<group>";
		};
		EC13A7CE1AA4D39E00B9AD6F /* MapMyDayTests */ = {
			isa = PBXGroup;
			children = (
				EC13A7D11AA4D39E00B9AD6F /* Map_My_DayTests.swift */,
				EC13A7CF1AA4D39E00B9AD6F /* Supporting Files */,
			);
			path = MapMyDayTests;
			sourceTree = "<group>";
		};
		EC13A7CF1AA4D39E00B9AD6F /* Supporting Files */ = {
			isa = PBXGroup;
			children = (
				EC13A7D01AA4D39E00B9AD6F /* Info.plist */,
			);
			name = "Supporting Files";
			sourceTree = "<group>";
		};
		EC97702D1AB1C8B5001920AA /* Framework */ = {
			isa = PBXGroup;
			children = (
				EC97701F1AB1C89F001920AA /* AudioToolbox.framework */,
				EC9770201AB1C89F001920AA /* CFNetwork.framework */,
				EC9770211AB1C89F001920AA /* libsqlite3.dylib */,
				EC9770221AB1C89F001920AA /* libz.dylib */,
				EC9770231AB1C89F001920AA /* MobileCoreServices.framework */,
				EC9770241AB1C89F001920AA /* StoreKit.framework */,
				EC9770251AB1C89F001920AA /* SystemConfiguration.framework */,
				EC97701B1AB1C820001920AA /* Bolts.framework */,
				EC97701C1AB1C820001920AA /* Parse.framework */,
			);
			name = Framework;
			sourceTree = "<group>";
		};
		ECE0E9F91AB5BC2D004CD571 /* Media */ = {
			isa = PBXGroup;
			children = (
				ECE987921AB339DF00EF4995 /* PhotoVC.swift */,
				ECE0E9F71AB5BC1C004CD571 /* TextVC.swift */,
				EC0597271AB9BA2A007AC46A /* VenuesTVC.swift */,
				EC0597291AB9CA0C007AC46A /* VenueVC.swift */,
				EC383ECA1AB343D800396DA6 /* Media.storyboard */,
			);
			name = Media;
			sourceTree = "<group>";
		};
		ECE0E9FC1AB5DA14004CD571 /* Login */ = {
			isa = PBXGroup;
			children = (
				EC9770191AB1C798001920AA /* LoginVC.swift */,
				EC46EC0E1AB3441F000291A7 /* Login.storyboard */,
			);
			name = Login;
			sourceTree = "<group>";
		};
		ECE987911AB3397F00EF4995 /* Models */ = {
			isa = PBXGroup;
			children = (
				ECF647C01AA68E13000E9CCF /* Day.swift */,
				ECE0E9FA1AB5D8DD004CD571 /* DaysData.swift */,
				EC13A7DD1AA4DD1000B9AD6F /* Math.swift */,
				EC0597251AB9B7B4007AC46A /* FourSquareRequest.swift */,
				EC5514321ABA0921001A538F /* MapDay.swift */,
			);
			name = Models;
			sourceTree = "<group>";
		};
		ECF0708A1AB65BA900AFC8B8 /* Aesthetics */ = {
			isa = PBXGroup;
			children = (
				ECF0708B1AB65BC900AFC8B8 /* CustomPolyline.swift */,
				ECE47B1A1AC465D7000FF7C5 /* CustomTableView.swift */,
			);
			name = Aesthetics;
			sourceTree = "<group>";
		};
/* End PBXGroup section */

/* Begin PBXNativeTarget section */
		EC13A7B51AA4D39E00B9AD6F /* MapMyDay */ = {
			isa = PBXNativeTarget;
			buildConfigurationList = EC13A7D51AA4D39E00B9AD6F /* Build configuration list for PBXNativeTarget "MapMyDay" */;
			buildPhases = (
				EC13A7B21AA4D39E00B9AD6F /* Sources */,
				EC13A7B31AA4D39E00B9AD6F /* Frameworks */,
				EC13A7B41AA4D39E00B9AD6F /* Resources */,
				EC5315311AAA64710077A14A /* ShellScript */,
			);
			buildRules = (
			);
			dependencies = (
			);
			name = MapMyDay;
			productName = MapMyDay;
			productReference = EC13A7B61AA4D39E00B9AD6F /* MapMyDay.app */;
			productType = "com.apple.product-type.application";
		};
		EC13A7CA1AA4D39E00B9AD6F /* MapMyDayTests */ = {
			isa = PBXNativeTarget;
			buildConfigurationList = EC13A7D81AA4D39E00B9AD6F /* Build configuration list for PBXNativeTarget "MapMyDayTests" */;
			buildPhases = (
				EC13A7C71AA4D39E00B9AD6F /* Sources */,
				EC13A7C81AA4D39E00B9AD6F /* Frameworks */,
				EC13A7C91AA4D39E00B9AD6F /* Resources */,
			);
			buildRules = (
			);
			dependencies = (
				EC13A7CD1AA4D39E00B9AD6F /* PBXTargetDependency */,
			);
			name = MapMyDayTests;
			productName = MapMyDayTests;
			productReference = EC13A7CB1AA4D39E00B9AD6F /* MapMyDayTests.xctest */;
			productType = "com.apple.product-type.bundle.unit-test";
		};
/* End PBXNativeTarget section */

/* Begin PBXProject section */
		EC13A7AE1AA4D39E00B9AD6F /* Project object */ = {
			isa = PBXProject;
			attributes = {
				LastUpgradeCheck = 0610;
				ORGANIZATIONNAME = "Proximity Viz LLC";
				TargetAttributes = {
					EC13A7B51AA4D39E00B9AD6F = {
						CreatedOnToolsVersion = 6.1.1;
						DevelopmentTeam = 34XFQ7WVN3;
						SystemCapabilities = {
							com.apple.BackgroundModes = {
								enabled = 1;
							};
						};
					};
					EC13A7CA1AA4D39E00B9AD6F = {
						CreatedOnToolsVersion = 6.1.1;
						TestTargetID = EC13A7B51AA4D39E00B9AD6F;
					};
				};
			};
			buildConfigurationList = EC13A7B11AA4D39E00B9AD6F /* Build configuration list for PBXProject "MapMyDay" */;
			compatibilityVersion = "Xcode 3.2";
			developmentRegion = English;
			hasScannedForEncodings = 0;
			knownRegions = (
				en,
				Base,
			);
			mainGroup = EC13A7AD1AA4D39E00B9AD6F;
			productRefGroup = EC13A7B71AA4D39E00B9AD6F /* Products */;
			projectDirPath = "";
			projectRoot = "";
			targets = (
				EC13A7B51AA4D39E00B9AD6F /* MapMyDay */,
				EC13A7CA1AA4D39E00B9AD6F /* MapMyDayTests */,
			);
		};
/* End PBXProject section */

/* Begin PBXResourcesBuildPhase section */
		EC13A7B41AA4D39E00B9AD6F /* Resources */ = {
			isa = PBXResourcesBuildPhase;
			buildActionMask = 2147483647;
			files = (
				EC87B3BD1AB34C8000FBE811 /* Main.storyboard in Resources */,
				EC87B3BE1AB34C8000FBE811 /* Login.storyboard in Resources */,
				EC87B3BF1AB34C8000FBE811 /* Media.storyboard in Resources */,
				EC87B3C01AB34C8000FBE811 /* LaunchScreen.xib in Resources */,
				ECF647C21AA692F3000E9CCF /* fontawesome-webfont.ttf in Resources */,
				EC13A7C31AA4D39E00B9AD6F /* Images.xcassets in Resources */,
			);
			runOnlyForDeploymentPostprocessing = 0;
		};
		EC13A7C91AA4D39E00B9AD6F /* Resources */ = {
			isa = PBXResourcesBuildPhase;
			buildActionMask = 2147483647;
			files = (
			);
			runOnlyForDeploymentPostprocessing = 0;
		};
/* End PBXResourcesBuildPhase section */

/* Begin PBXShellScriptBuildPhase section */
		EC5315311AAA64710077A14A /* ShellScript */ = {
			isa = PBXShellScriptBuildPhase;
			buildActionMask = 2147483647;
			files = (
			);
			inputPaths = (
			);
			outputPaths = (
			);
			runOnlyForDeploymentPostprocessing = 0;
			shellPath = /bin/sh;
			shellScript = "TAGS=\"TODO:|FIXME:\"\necho \"searching ${SRCROOT} for ${TAGS}\"\nfind \"${SRCROOT}\" \\( -name \"*.swift\" \\) -print0 | xargs -0 egrep --with-filename --line-number --only-matching \"($TAGS).*\\$\" | perl -p -e \"s/($TAGS)/ warning: \\$1/\"";
		};
/* End PBXShellScriptBuildPhase section */

/* Begin PBXSourcesBuildPhase section */
		EC13A7B21AA4D39E00B9AD6F /* Sources */ = {
			isa = PBXSourcesBuildPhase;
			buildActionMask = 2147483647;
			files = (
				EC87B3C11AB34C9500FBE811 /* MapMyDay-Bridging-Header.h in Sources */,
				ECE0EA001AB5DA4A004CD571 /* ExploreTVC.swift in Sources */,
				EC87B3B71AB3474B00FBE811 /* Day.swift in Sources */,
				EC0597281AB9BA2A007AC46A /* VenuesTVC.swift in Sources */,
				EC87B3B81AB3474B00FBE811 /* Math.swift in Sources */,
				ECE0EA061AB5DE9C004CD571 /* DayCell.swift in Sources */,
				EC05972A1AB9CA0C007AC46A /* VenueVC.swift in Sources */,
				EC87B3B91AB3474B00FBE811 /* TrackingVC.swift in Sources */,
				ECE47B1B1AC465D7000FF7C5 /* CustomTableView.swift in Sources */,
				ECE0EA021AB5DA8B004CD571 /* MyDaysTVC.swift in Sources */,
				EC0597261AB9B7B4007AC46A /* FourSquareRequest.swift in Sources */,
				EC87B3BA1AB3474B00FBE811 /* LoginVC.swift in Sources */,
				EC8857301AB89FF600D36A3A /* ExportCVC.swift in Sources */,
				ECE0E9F81AB5BC1C004CD571 /* TextVC.swift in Sources */,
				EC87B3BB1AB3474B00FBE811 /* PhotoVC.swift in Sources */,
				ECE0E9FB1AB5D8DD004CD571 /* DaysData.swift in Sources */,
				EC5514311AB9FCA5001A538F /* SaveImageVC.swift in Sources */,
				EC87B3BC1AB3474B00FBE811 /* AppDelegate.swift in Sources */,
				ECCAECB41AB617F5002DF918 /* AddStatVC.swift in Sources */,
				ECF0708C1AB65BC900AFC8B8 /* CustomPolyline.swift in Sources */,
				ECE0EA041AB5DCE3004CD571 /* ViewDayVC.swift in Sources */,
				EC5514331ABA0921001A538F /* MapDay.swift in Sources */,
			);
			runOnlyForDeploymentPostprocessing = 0;
		};
		EC13A7C71AA4D39E00B9AD6F /* Sources */ = {
			isa = PBXSourcesBuildPhase;
			buildActionMask = 2147483647;
			files = (
				EC13A7D21AA4D39E00B9AD6F /* Map_My_DayTests.swift in Sources */,
			);
			runOnlyForDeploymentPostprocessing = 0;
		};
/* End PBXSourcesBuildPhase section */

/* Begin PBXTargetDependency section */
		EC13A7CD1AA4D39E00B9AD6F /* PBXTargetDependency */ = {
			isa = PBXTargetDependency;
			target = EC13A7B51AA4D39E00B9AD6F /* MapMyDay */;
			targetProxy = EC13A7CC1AA4D39E00B9AD6F /* PBXContainerItemProxy */;
		};
/* End PBXTargetDependency section */

/* Begin PBXVariantGroup section */
		EC13A7BF1AA4D39E00B9AD6F /* Main.storyboard */ = {
			isa = PBXVariantGroup;
			children = (
				EC13A7C01AA4D39E00B9AD6F /* Base */,
			);
			name = Main.storyboard;
			sourceTree = "<group>";
		};
		EC13A7C41AA4D39E00B9AD6F /* LaunchScreen.xib */ = {
			isa = PBXVariantGroup;
			children = (
				EC13A7C51AA4D39E00B9AD6F /* Base */,
			);
			name = LaunchScreen.xib;
			sourceTree = "<group>";
		};
		EC383ECA1AB343D800396DA6 /* Media.storyboard */ = {
			isa = PBXVariantGroup;
			children = (
				EC383EC91AB343D800396DA6 /* Base */,
			);
			name = Media.storyboard;
			sourceTree = "<group>";
		};
		EC46EC0E1AB3441F000291A7 /* Login.storyboard */ = {
			isa = PBXVariantGroup;
			children = (
				EC46EC0D1AB3441F000291A7 /* Base */,
			);
			name = Login.storyboard;
			path = Base.lproj;
			sourceTree = "<group>";
		};
/* End PBXVariantGroup section */

/* Begin XCBuildConfiguration section */
		EC13A7D31AA4D39E00B9AD6F /* Debug */ = {
			isa = XCBuildConfiguration;
			buildSettings = {
				ALWAYS_SEARCH_USER_PATHS = NO;
				CLANG_CXX_LANGUAGE_STANDARD = "gnu++0x";
				CLANG_CXX_LIBRARY = "libc++";
				CLANG_ENABLE_MODULES = YES;
				CLANG_ENABLE_OBJC_ARC = YES;
				CLANG_WARN_BOOL_CONVERSION = YES;
				CLANG_WARN_CONSTANT_CONVERSION = YES;
				CLANG_WARN_DIRECT_OBJC_ISA_USAGE = YES_ERROR;
				CLANG_WARN_EMPTY_BODY = YES;
				CLANG_WARN_ENUM_CONVERSION = YES;
				CLANG_WARN_INT_CONVERSION = YES;
				CLANG_WARN_OBJC_ROOT_CLASS = YES_ERROR;
				CLANG_WARN_UNREACHABLE_CODE = YES;
				CLANG_WARN__DUPLICATE_METHOD_MATCH = YES;
				"CODE_SIGN_IDENTITY[sdk=iphoneos*]" = "iPhone Developer";
				COPY_PHASE_STRIP = NO;
				ENABLE_STRICT_OBJC_MSGSEND = YES;
				GCC_C_LANGUAGE_STANDARD = gnu99;
				GCC_DYNAMIC_NO_PIC = NO;
				GCC_OPTIMIZATION_LEVEL = 0;
				GCC_PREPROCESSOR_DEFINITIONS = (
					"DEBUG=1",
					"$(inherited)",
				);
				GCC_SYMBOLS_PRIVATE_EXTERN = NO;
				GCC_WARN_64_TO_32_BIT_CONVERSION = YES;
				GCC_WARN_ABOUT_RETURN_TYPE = YES_ERROR;
				GCC_WARN_UNDECLARED_SELECTOR = YES;
				GCC_WARN_UNINITIALIZED_AUTOS = YES_AGGRESSIVE;
				GCC_WARN_UNUSED_FUNCTION = YES;
				GCC_WARN_UNUSED_VARIABLE = YES;
				IPHONEOS_DEPLOYMENT_TARGET = 8.1;
				MTL_ENABLE_DEBUG_INFO = YES;
				ONLY_ACTIVE_ARCH = YES;
				SDKROOT = iphoneos;
				SWIFT_OPTIMIZATION_LEVEL = "-Onone";
				TARGETED_DEVICE_FAMILY = "1,2";
			};
			name = Debug;
		};
		EC13A7D41AA4D39E00B9AD6F /* Release */ = {
			isa = XCBuildConfiguration;
			buildSettings = {
				ALWAYS_SEARCH_USER_PATHS = NO;
				CLANG_CXX_LANGUAGE_STANDARD = "gnu++0x";
				CLANG_CXX_LIBRARY = "libc++";
				CLANG_ENABLE_MODULES = YES;
				CLANG_ENABLE_OBJC_ARC = YES;
				CLANG_WARN_BOOL_CONVERSION = YES;
				CLANG_WARN_CONSTANT_CONVERSION = YES;
				CLANG_WARN_DIRECT_OBJC_ISA_USAGE = YES_ERROR;
				CLANG_WARN_EMPTY_BODY = YES;
				CLANG_WARN_ENUM_CONVERSION = YES;
				CLANG_WARN_INT_CONVERSION = YES;
				CLANG_WARN_OBJC_ROOT_CLASS = YES_ERROR;
				CLANG_WARN_UNREACHABLE_CODE = YES;
				CLANG_WARN__DUPLICATE_METHOD_MATCH = YES;
				"CODE_SIGN_IDENTITY[sdk=iphoneos*]" = "iPhone Developer";
				COPY_PHASE_STRIP = YES;
				ENABLE_NS_ASSERTIONS = NO;
				ENABLE_STRICT_OBJC_MSGSEND = YES;
				GCC_C_LANGUAGE_STANDARD = gnu99;
				GCC_WARN_64_TO_32_BIT_CONVERSION = YES;
				GCC_WARN_ABOUT_RETURN_TYPE = YES_ERROR;
				GCC_WARN_UNDECLARED_SELECTOR = YES;
				GCC_WARN_UNINITIALIZED_AUTOS = YES_AGGRESSIVE;
				GCC_WARN_UNUSED_FUNCTION = YES;
				GCC_WARN_UNUSED_VARIABLE = YES;
				IPHONEOS_DEPLOYMENT_TARGET = 8.1;
				MTL_ENABLE_DEBUG_INFO = NO;
				SDKROOT = iphoneos;
				TARGETED_DEVICE_FAMILY = "1,2";
				VALIDATE_PRODUCT = YES;
			};
			name = Release;
		};
		EC13A7D61AA4D39E00B9AD6F /* Debug */ = {
			isa = XCBuildConfiguration;
			buildSettings = {
				ASSETCATALOG_COMPILER_APPICON_NAME = AppIcon;
				CLANG_ENABLE_MODULES = YES;
				CODE_SIGN_IDENTITY = "iPhone Developer";
				"CODE_SIGN_IDENTITY[sdk=iphoneos*]" = "iPhone Developer";
				FRAMEWORK_SEARCH_PATHS = (
					"$(inherited)",
					"$(PROJECT_DIR)",
				);
				INFOPLIST_FILE = MapMyDay/Info.plist;
				IPHONEOS_DEPLOYMENT_TARGET = 8.0;
				LD_RUNPATH_SEARCH_PATHS = "$(inherited) @executable_path/Frameworks";
				PRODUCT_NAME = MapMyDay;
				PROVISIONING_PROFILE = "";
				SWIFT_OBJC_BRIDGING_HEADER = "MapMyDay/MapMyDay-Bridging-Header.h";
				SWIFT_OPTIMIZATION_LEVEL = "-Onone";
				TARGETED_DEVICE_FAMILY = 1;
			};
			name = Debug;
		};
		EC13A7D71AA4D39E00B9AD6F /* Release */ = {
			isa = XCBuildConfiguration;
			buildSettings = {
				ASSETCATALOG_COMPILER_APPICON_NAME = AppIcon;
				CLANG_ENABLE_MODULES = YES;
				CODE_SIGN_IDENTITY = "iPhone Developer";
				"CODE_SIGN_IDENTITY[sdk=iphoneos*]" = "iPhone Developer";
				FRAMEWORK_SEARCH_PATHS = (
					"$(inherited)",
					"$(PROJECT_DIR)",
				);
				INFOPLIST_FILE = MapMyDay/Info.plist;
				IPHONEOS_DEPLOYMENT_TARGET = 8.0;
				LD_RUNPATH_SEARCH_PATHS = "$(inherited) @executable_path/Frameworks";
				PRODUCT_NAME = MapMyDay;
				PROVISIONING_PROFILE = "";
				SWIFT_OBJC_BRIDGING_HEADER = "MapMyDay/MapMyDay-Bridging-Header.h";
				TARGETED_DEVICE_FAMILY = 1;
			};
			name = Release;
		};
		EC13A7D91AA4D39E00B9AD6F /* Debug */ = {
			isa = XCBuildConfiguration;
			buildSettings = {
				BUNDLE_LOADER = "$(TEST_HOST)";
				FRAMEWORK_SEARCH_PATHS = (
					"$(SDKROOT)/Developer/Library/Frameworks",
					"$(inherited)",
				);
				GCC_PREPROCESSOR_DEFINITIONS = (
					"DEBUG=1",
					"$(inherited)",
				);
				INFOPLIST_FILE = MapMyDayTests/Info.plist;
				LD_RUNPATH_SEARCH_PATHS = "$(inherited) @executable_path/Frameworks @loader_path/Frameworks";
				PRODUCT_NAME = MapMyDayTests;
				TEST_HOST = "$(BUILT_PRODUCTS_DIR)/MapMyDay.app/MapMyDay";
			};
			name = Debug;
		};
		EC13A7DA1AA4D39E00B9AD6F /* Release */ = {
			isa = XCBuildConfiguration;
			buildSettings = {
				BUNDLE_LOADER = "$(TEST_HOST)";
				FRAMEWORK_SEARCH_PATHS = (
					"$(SDKROOT)/Developer/Library/Frameworks",
					"$(inherited)",
				);
				INFOPLIST_FILE = MapMyDayTests/Info.plist;
				LD_RUNPATH_SEARCH_PATHS = "$(inherited) @executable_path/Frameworks @loader_path/Frameworks";
				PRODUCT_NAME = MapMyDayTests;
				TEST_HOST = "$(BUILT_PRODUCTS_DIR)/MapMyDay.app/MapMyDay";
			};
			name = Release;
		};
/* End XCBuildConfiguration section */

/* Begin XCConfigurationList section */
		EC13A7B11AA4D39E00B9AD6F /* Build configuration list for PBXProject "MapMyDay" */ = {
			isa = XCConfigurationList;
			buildConfigurations = (
				EC13A7D31AA4D39E00B9AD6F /* Debug */,
				EC13A7D41AA4D39E00B9AD6F /* Release */,
			);
			defaultConfigurationIsVisible = 0;
			defaultConfigurationName = Release;
		};
		EC13A7D51AA4D39E00B9AD6F /* Build configuration list for PBXNativeTarget "MapMyDay" */ = {
			isa = XCConfigurationList;
			buildConfigurations = (
				EC13A7D61AA4D39E00B9AD6F /* Debug */,
				EC13A7D71AA4D39E00B9AD6F /* Release */,
			);
			defaultConfigurationIsVisible = 0;
			defaultConfigurationName = Release;
		};
		EC13A7D81AA4D39E00B9AD6F /* Build configuration list for PBXNativeTarget "MapMyDayTests" */ = {
			isa = XCConfigurationList;
			buildConfigurations = (
				EC13A7D91AA4D39E00B9AD6F /* Debug */,
				EC13A7DA1AA4D39E00B9AD6F /* Release */,
			);
			defaultConfigurationIsVisible = 0;
			defaultConfigurationName = Release;
		};
/* End XCConfigurationList section */
	};
	rootObject = EC13A7AE1AA4D39E00B9AD6F /* Project object */;
}
