// !$*UTF8*$!
{
	archiveVersion = 1;
	classes = {
	};
	objectVersion = 46;
	objects = {

/* Begin PBXBuildFile section */
		EC13A7BC1AA4D39E00B9AD6F /* AppDelegate.swift in Sources */ = {isa = PBXBuildFile; fileRef = EC13A7BB1AA4D39E00B9AD6F /* AppDelegate.swift */; };
		EC13A7BE1AA4D39E00B9AD6F /* ViewController.swift in Sources */ = {isa = PBXBuildFile; fileRef = EC13A7BD1AA4D39E00B9AD6F /* ViewController.swift */; };
		EC13A7C11AA4D39E00B9AD6F /* Main.storyboard in Resources */ = {isa = PBXBuildFile; fileRef = EC13A7BF1AA4D39E00B9AD6F /* Main.storyboard */; };
		EC13A7C31AA4D39E00B9AD6F /* Images.xcassets in Resources */ = {isa = PBXBuildFile; fileRef = EC13A7C21AA4D39E00B9AD6F /* Images.xcassets */; };
		EC13A7C61AA4D39E00B9AD6F /* LaunchScreen.xib in Resources */ = {isa = PBXBuildFile; fileRef = EC13A7C41AA4D39E00B9AD6F /* LaunchScreen.xib */; };
		EC13A7D21AA4D39E00B9AD6F /* Map_My_DayTests.swift in Sources */ = {isa = PBXBuildFile; fileRef = EC13A7D11AA4D39E00B9AD6F /* Map_My_DayTests.swift */; };
/* End PBXBuildFile section */

/* Begin PBXContainerItemProxy section */
		EC13A7CC1AA4D39E00B9AD6F /* PBXContainerItemProxy */ = {
			isa = PBXContainerItemProxy;
			containerPortal = EC13A7AE1AA4D39E00B9AD6F /* Project object */;
			proxyType = 1;
			remoteGlobalIDString = EC13A7B51AA4D39E00B9AD6F;
			remoteInfo = "Map My Day";
		};
/* End PBXContainerItemProxy section */

/* Begin PBXFileReference section */
		EC13A7B61AA4D39E00B9AD6F /* Map My Day.app */ = {isa = PBXFileReference; explicitFileType = wrapper.application; includeInIndex = 0; path = "Map My Day.app"; sourceTree = BUILT_PRODUCTS_DIR; };
		EC13A7BA1AA4D39E00B9AD6F /* Info.plist */ = {isa = PBXFileReference; lastKnownFileType = text.plist.xml; path = Info.plist; sourceTree = "<group>"; };
		EC13A7BB1AA4D39E00B9AD6F /* AppDelegate.swift */ = {isa = PBXFileReference; lastKnownFileType = sourcecode.swift; path = AppDelegate.swift; sourceTree = "<group>"; };
		EC13A7BD1AA4D39E00B9AD6F /* ViewController.swift */ = {isa = PBXFileReference; lastKnownFileType = sourcecode.swift; path = ViewController.swift; sourceTree = "<group>"; };
		EC13A7C01AA4D39E00B9AD6F /* Base */ = {isa = PBXFileReference; lastKnownFileType = file.storyboard; name = Base; path = Base.lproj/Main.storyboard; sourceTree = "<group>"; };
		EC13A7C21AA4D39E00B9AD6F /* Images.xcassets */ = {isa = PBXFileReference; lastKnownFileType = folder.assetcatalog; path = Images.xcassets; sourceTree = "<group>"; };
		EC13A7C51AA4D39E00B9AD6F /* Base */ = {isa = PBXFileReference; lastKnownFileType = file.xib; name = Base; path = Base.lproj/LaunchScreen.xib; sourceTree = "<group>"; };
		EC13A7CB1AA4D39E00B9AD6F /* Map My DayTests.xctest */ = {isa = PBXFileReference; explicitFileType = wrapper.cfbundle; includeInIndex = 0; path = "Map My DayTests.xctest"; sourceTree = BUILT_PRODUCTS_DIR; };
		EC13A7D01AA4D39E00B9AD6F /* Info.plist */ = {isa = PBXFileReference; lastKnownFileType = text.plist.xml; path = Info.plist; sourceTree = "<group>"; };
		EC13A7D11AA4D39E00B9AD6F /* Map_My_DayTests.swift */ = {isa = PBXFileReference; lastKnownFileType = sourcecode.swift; path = Map_My_DayTests.swift; sourceTree = "<group>"; };
/* End PBXFileReference section */

/* Begin PBXFrameworksBuildPhase section */
		EC13A7B31AA4D39E00B9AD6F /* Frameworks */ = {
			isa = PBXFrameworksBuildPhase;
			buildActionMask = 2147483647;
			files = (
			);
			runOnlyForDeploymentPostprocessing = 0;
		};
		EC13A7C81AA4D39E00B9AD6F /* Frameworks */ = {
			isa = PBXFrameworksBuildPhase;
			buildActionMask = 2147483647;
			files = (
			);
			runOnlyForDeploymentPostprocessing = 0;
		};
/* End PBXFrameworksBuildPhase section */

/* Begin PBXGroup section */
		EC13A7AD1AA4D39E00B9AD6F = {
			isa = PBXGroup;
			children = (
				EC13A7B81AA4D39E00B9AD6F /* Map My Day */,
				EC13A7CE1AA4D39E00B9AD6F /* Map My DayTests */,
				EC13A7B71AA4D39E00B9AD6F /* Products */,
			);
			sourceTree = "<group>";
		};
		EC13A7B71AA4D39E00B9AD6F /* Products */ = {
			isa = PBXGroup;
			children = (
				EC13A7B61AA4D39E00B9AD6F /* Map My Day.app */,
				EC13A7CB1AA4D39E00B9AD6F /* Map My DayTests.xctest */,
			);
			name = Products;
			sourceTree = "<group>";
		};
		EC13A7B81AA4D39E00B9AD6F /* Map My Day */ = {
			isa = PBXGroup;
			children = (
				EC13A7BB1AA4D39E00B9AD6F /* AppDelegate.swift */,
				EC13A7BD1AA4D39E00B9AD6F /* ViewController.swift */,
				EC13A7BF1AA4D39E00B9AD6F /* Main.storyboard */,
				EC13A7C21AA4D39E00B9AD6F /* Images.xcassets */,
				EC13A7C41AA4D39E00B9AD6F /* LaunchScreen.xib */,
				EC13A7B91AA4D39E00B9AD6F /* Supporting Files */,
			);
			path = "Map My Day";
			sourceTree = "<group>";
		};
		EC13A7B91AA4D39E00B9AD6F /* Supporting Files */ = {
			isa = PBXGroup;
			children = (
				EC13A7BA1AA4D39E00B9AD6F /* Info.plist */,
			);
			name = "Supporting Files";
			sourceTree = "<group>";
		};
		EC13A7CE1AA4D39E00B9AD6F /* Map My DayTests */ = {
			isa = PBXGroup;
			children = (
				EC13A7D11AA4D39E00B9AD6F /* Map_My_DayTests.swift */,
				EC13A7CF1AA4D39E00B9AD6F /* Supporting Files */,
			);
			path = "Map My DayTests";
			sourceTree = "<group>";
		};
		EC13A7CF1AA4D39E00B9AD6F /* Supporting Files */ = {
			isa = PBXGroup;
			children = (
				EC13A7D01AA4D39E00B9AD6F /* Info.plist */,
			);
			name = "Supporting Files";
			sourceTree = "<group>";
		};
/* End PBXGroup section */

/* Begin PBXNativeTarget section */
		EC13A7B51AA4D39E00B9AD6F /* Map My Day */ = {
			isa = PBXNativeTarget;
			buildConfigurationList = EC13A7D51AA4D39E00B9AD6F /* Build configuration list for PBXNativeTarget "Map My Day" */;
			buildPhases = (
				EC13A7B21AA4D39E00B9AD6F /* Sources */,
				EC13A7B31AA4D39E00B9AD6F /* Frameworks */,
				EC13A7B41AA4D39E00B9AD6F /* Resources */,
			);
			buildRules = (
			);
			dependencies = (
			);
			name = "Map My Day";
			productName = "Map My Day";
			productReference = EC13A7B61AA4D39E00B9AD6F /* Map My Day.app */;
			productType = "com.apple.product-type.application";
		};
		EC13A7CA1AA4D39E00B9AD6F /* Map My DayTests */ = {
			isa = PBXNativeTarget;
			buildConfigurationList = EC13A7D81AA4D39E00B9AD6F /* Build configuration list for PBXNativeTarget "Map My DayTests" */;
			buildPhases = (
				EC13A7C71AA4D39E00B9AD6F /* Sources */,
				EC13A7C81AA4D39E00B9AD6F /* Frameworks */,
				EC13A7C91AA4D39E00B9AD6F /* Resources */,
			);
			buildRules = (
			);
			dependencies = (
				EC13A7CD1AA4D39E00B9AD6F /* PBXTargetDependency */,
			);
			name = "Map My DayTests";
			productName = "Map My DayTests";
			productReference = EC13A7CB1AA4D39E00B9AD6F /* Map My DayTests.xctest */;
			productType = "com.apple.product-type.bundle.unit-test";
		};
/* End PBXNativeTarget section */

/* Begin PBXProject section */
		EC13A7AE1AA4D39E00B9AD6F /* Project object */ = {
			isa = PBXProject;
			attributes = {
				LastUpgradeCheck = 0610;
				ORGANIZATIONNAME = "Proximity Viz LLC";
				TargetAttributes = {
					EC13A7B51AA4D39E00B9AD6F = {
						CreatedOnToolsVersion = 6.1.1;
					};
					EC13A7CA1AA4D39E00B9AD6F = {
						CreatedOnToolsVersion = 6.1.1;
						TestTargetID = EC13A7B51AA4D39E00B9AD6F;
					};
				};
			};
			buildConfigurationList = EC13A7B11AA4D39E00B9AD6F /* Build configuration list for PBXProject "Map My Day" */;
			compatibilityVersion = "Xcode 3.2";
			developmentRegion = English;
			hasScannedForEncodings = 0;
			knownRegions = (
				en,
				Base,
			);
			mainGroup = EC13A7AD1AA4D39E00B9AD6F;
			productRefGroup = EC13A7B71AA4D39E00B9AD6F /* Products */;
			projectDirPath = "";
			projectRoot = "";
			targets = (
				EC13A7B51AA4D39E00B9AD6F /* Map My Day */,
				EC13A7CA1AA4D39E00B9AD6F /* Map My DayTests */,
			);
		};
/* End PBXProject section */

/* Begin PBXResourcesBuildPhase section */
		EC13A7B41AA4D39E00B9AD6F /* Resources */ = {
			isa = PBXResourcesBuildPhase;
			buildActionMask = 2147483647;
			files = (
				EC13A7C11AA4D39E00B9AD6F /* Main.storyboard in Resources */,
				EC13A7C61AA4D39E00B9AD6F /* LaunchScreen.xib in Resources */,
				EC13A7C31AA4D39E00B9AD6F /* Images.xcassets in Resources */,
			);
			runOnlyForDeploymentPostprocessing = 0;
		};
		EC13A7C91AA4D39E00B9AD6F /* Resources */ = {
			isa = PBXResourcesBuildPhase;
			buildActionMask = 2147483647;
			files = (
			);
			runOnlyForDeploymentPostprocessing = 0;
		};
/* End PBXResourcesBuildPhase section */

/* Begin PBXSourcesBuildPhase section */
		EC13A7B21AA4D39E00B9AD6F /* Sources */ = {
			isa = PBXSourcesBuildPhase;
			buildActionMask = 2147483647;
			files = (
				EC13A7BE1AA4D39E00B9AD6F /* ViewController.swift in Sources */,
				EC13A7BC1AA4D39E00B9AD6F /* AppDelegate.swift in Sources */,
			);
			runOnlyForDeploymentPostprocessing = 0;
		};
		EC13A7C71AA4D39E00B9AD6F /* Sources */ = {
			isa = PBXSourcesBuildPhase;
			buildActionMask = 2147483647;
			files = (
				EC13A7D21AA4D39E00B9AD6F /* Map_My_DayTests.swift in Sources */,
			);
			runOnlyForDeploymentPostprocessing = 0;
		};
/* End PBXSourcesBuildPhase section */

/* Begin PBXTargetDependency section */
		EC13A7CD1AA4D39E00B9AD6F /* PBXTargetDependency */ = {
			isa = PBXTargetDependency;
			target = EC13A7B51AA4D39E00B9AD6F /* Map My Day */;
			targetProxy = EC13A7CC1AA4D39E00B9AD6F /* PBXContainerItemProxy */;
		};
/* End PBXTargetDependency section */

/* Begin PBXVariantGroup section */
		EC13A7BF1AA4D39E00B9AD6F /* Main.storyboard */ = {
			isa = PBXVariantGroup;
			children = (
				EC13A7C01AA4D39E00B9AD6F /* Base */,
			);
			name = Main.storyboard;
			sourceTree = "<group>";
		};
		EC13A7C41AA4D39E00B9AD6F /* LaunchScreen.xib */ = {
			isa = PBXVariantGroup;
			children = (
				EC13A7C51AA4D39E00B9AD6F /* Base */,
			);
			name = LaunchScreen.xib;
			sourceTree = "<group>";
		};
/* End PBXVariantGroup section */

/* Begin XCBuildConfiguration section */
		EC13A7D31AA4D39E00B9AD6F /* Debug */ = {
			isa = XCBuildConfiguration;
			buildSettings = {
				ALWAYS_SEARCH_USER_PATHS = NO;
				CLANG_CXX_LANGUAGE_STANDARD = "gnu++0x";
				CLANG_CXX_LIBRARY = "libc++";
				CLANG_ENABLE_MODULES = YES;
				CLANG_ENABLE_OBJC_ARC = YES;
				CLANG_WARN_BOOL_CONVERSION = YES;
				CLANG_WARN_CONSTANT_CONVERSION = YES;
				CLANG_WARN_DIRECT_OBJC_ISA_USAGE = YES_ERROR;
				CLANG_WARN_EMPTY_BODY = YES;
				CLANG_WARN_ENUM_CONVERSION = YES;
				CLANG_WARN_INT_CONVERSION = YES;
				CLANG_WARN_OBJC_ROOT_CLASS = YES_ERROR;
				CLANG_WARN_UNREACHABLE_CODE = YES;
				CLANG_WARN__DUPLICATE_METHOD_MATCH = YES;
				"CODE_SIGN_IDENTITY[sdk=iphoneos*]" = "iPhone Developer";
				COPY_PHASE_STRIP = NO;
				ENABLE_STRICT_OBJC_MSGSEND = YES;
				GCC_C_LANGUAGE_STANDARD = gnu99;
				GCC_DYNAMIC_NO_PIC = NO;
				GCC_OPTIMIZATION_LEVEL = 0;
				GCC_PREPROCESSOR_DEFINITIONS = (
					"DEBUG=1",
					"$(inherited)",
				);
				GCC_SYMBOLS_PRIVATE_EXTERN = NO;
				GCC_WARN_64_TO_32_BIT_CONVERSION = YES;
				GCC_WARN_ABOUT_RETURN_TYPE = YES_ERROR;
				GCC_WARN_UNDECLARED_SELECTOR = YES;
				GCC_WARN_UNINITIALIZED_AUTOS = YES_AGGRESSIVE;
				GCC_WARN_UNUSED_FUNCTION = YES;
				GCC_WARN_UNUSED_VARIABLE = YES;
				IPHONEOS_DEPLOYMENT_TARGET = 8.1;
				MTL_ENABLE_DEBUG_INFO = YES;
				ONLY_ACTIVE_ARCH = YES;
				SDKROOT = iphoneos;
				SWIFT_OPTIMIZATION_LEVEL = "-Onone";
				TARGETED_DEVICE_FAMILY = "1,2";
			};
			name = Debug;
		};
		EC13A7D41AA4D39E00B9AD6F /* Release */ = {
			isa = XCBuildConfiguration;
			buildSettings = {
				ALWAYS_SEARCH_USER_PATHS = NO;
				CLANG_CXX_LANGUAGE_STANDARD = "gnu++0x";
				CLANG_CXX_LIBRARY = "libc++";
				CLANG_ENABLE_MODULES = YES;
				CLANG_ENABLE_OBJC_ARC = YES;
				CLANG_WARN_BOOL_CONVERSION = YES;
				CLANG_WARN_CONSTANT_CONVERSION = YES;
				CLANG_WARN_DIRECT_OBJC_ISA_USAGE = YES_ERROR;
				CLANG_WARN_EMPTY_BODY = YES;
				CLANG_WARN_ENUM_CONVERSION = YES;
				CLANG_WARN_INT_CONVERSION = YES;
				CLANG_WARN_OBJC_ROOT_CLASS = YES_ERROR;
				CLANG_WARN_UNREACHABLE_CODE = YES;
				CLANG_WARN__DUPLICATE_METHOD_MATCH = YES;
				"CODE_SIGN_IDENTITY[sdk=iphoneos*]" = "iPhone Developer";
				COPY_PHASE_STRIP = YES;
				ENABLE_NS_ASSERTIONS = NO;
				ENABLE_STRICT_OBJC_MSGSEND = YES;
				GCC_C_LANGUAGE_STANDARD = gnu99;
				GCC_WARN_64_TO_32_BIT_CONVERSION = YES;
				GCC_WARN_ABOUT_RETURN_TYPE = YES_ERROR;
				GCC_WARN_UNDECLARED_SELECTOR = YES;
				GCC_WARN_UNINITIALIZED_AUTOS = YES_AGGRESSIVE;
				GCC_WARN_UNUSED_FUNCTION = YES;
				GCC_WARN_UNUSED_VARIABLE = YES;
				IPHONEOS_DEPLOYMENT_TARGET = 8.1;
				MTL_ENABLE_DEBUG_INFO = NO;
				SDKROOT = iphoneos;
				TARGETED_DEVICE_FAMILY = "1,2";
				VALIDATE_PRODUCT = YES;
			};
			name = Release;
		};
		EC13A7D61AA4D39E00B9AD6F /* Debug */ = {
			isa = XCBuildConfiguration;
			buildSettings = {
				ASSETCATALOG_COMPILER_APPICON_NAME = AppIcon;
				INFOPLIST_FILE = "Map My Day/Info.plist";
				LD_RUNPATH_SEARCH_PATHS = "$(inherited) @executable_path/Frameworks";
				PRODUCT_NAME = "$(TARGET_NAME)";
			};
			name = Debug;
		};
		EC13A7D71AA4D39E00B9AD6F /* Release */ = {
			isa = XCBuildConfiguration;
			buildSettings = {
				ASSETCATALOG_COMPILER_APPICON_NAME = AppIcon;
				INFOPLIST_FILE = "Map My Day/Info.plist";
				LD_RUNPATH_SEARCH_PATHS = "$(inherited) @executable_path/Frameworks";
				PRODUCT_NAME = "$(TARGET_NAME)";
			};
			name = Release;
		};
		EC13A7D91AA4D39E00B9AD6F /* Debug */ = {
			isa = XCBuildConfiguration;
			buildSettings = {
				BUNDLE_LOADER = "$(TEST_HOST)";
				FRAMEWORK_SEARCH_PATHS = (
					"$(SDKROOT)/Developer/Library/Frameworks",
					"$(inherited)",
				);
				GCC_PREPROCESSOR_DEFINITIONS = (
					"DEBUG=1",
					"$(inherited)",
				);
				INFOPLIST_FILE = "Map My DayTests/Info.plist";
				LD_RUNPATH_SEARCH_PATHS = "$(inherited) @executable_path/Frameworks @loader_path/Frameworks";
				PRODUCT_NAME = "$(TARGET_NAME)";
				TEST_HOST = "$(BUILT_PRODUCTS_DIR)/Map My Day.app/Map My Day";
			};
			name = Debug;
		};
		EC13A7DA1AA4D39E00B9AD6F /* Release */ = {
			isa = XCBuildConfiguration;
			buildSettings = {
				BUNDLE_LOADER = "$(TEST_HOST)";
				FRAMEWORK_SEARCH_PATHS = (
					"$(SDKROOT)/Developer/Library/Frameworks",
					"$(inherited)",
				);
				INFOPLIST_FILE = "Map My DayTests/Info.plist";
				LD_RUNPATH_SEARCH_PATHS = "$(inherited) @executable_path/Frameworks @loader_path/Frameworks";
				PRODUCT_NAME = "$(TARGET_NAME)";
				TEST_HOST = "$(BUILT_PRODUCTS_DIR)/Map My Day.app/Map My Day";
			};
			name = Release;
		};
/* End XCBuildConfiguration section */

/* Begin XCConfigurationList section */
		EC13A7B11AA4D39E00B9AD6F /* Build configuration list for PBXProject "Map My Day" */ = {
			isa = XCConfigurationList;
			buildConfigurations = (
				EC13A7D31AA4D39E00B9AD6F /* Debug */,
				EC13A7D41AA4D39E00B9AD6F /* Release */,
			);
			defaultConfigurationIsVisible = 0;
			defaultConfigurationName = Release;
		};
		EC13A7D51AA4D39E00B9AD6F /* Build configuration list for PBXNativeTarget "Map My Day" */ = {
			isa = XCConfigurationList;
			buildConfigurations = (
				EC13A7D61AA4D39E00B9AD6F /* Debug */,
				EC13A7D71AA4D39E00B9AD6F /* Release */,
			);
			defaultConfigurationIsVisible = 0;
		};
		EC13A7D81AA4D39E00B9AD6F /* Build configuration list for PBXNativeTarget "Map My DayTests" */ = {
			isa = XCConfigurationList;
			buildConfigurations = (
				EC13A7D91AA4D39E00B9AD6F /* Debug */,
				EC13A7DA1AA4D39E00B9AD6F /* Release */,
			);
			defaultConfigurationIsVisible = 0;
		};
/* End XCConfigurationList section */
	};
	rootObject = EC13A7AE1AA4D39E00B9AD6F /* Project object */;
}
